# THIS IS AN AUTOGENERATED FILE. DO NOT EDIT THIS FILE DIRECTLY.
# yarn lockfile v1


"@types/pixi.js@^4.5.3":
  version "4.8.6"
  resolved "https://registry.yarnpkg.com/@types/pixi.js/-/pixi.js-4.8.6.tgz#c9bb6844cf581024f6bee07feb1538b37c0429ba"
  integrity sha512-70PcmzoHG723nMLx7OzMM7xoH8EnJfVVQmh1WQgXGaXdU9ygq3VlsXLRt/g6Z124abKDvmzg3hfRpA8CvBp2eA==

wavebell@^0.1.6:
  version "0.1.6"
  resolved "https://registry.yarnpkg.com/wavebell/-/wavebell-0.1.6.tgz#d64f67aceb4e98e80c96cb59e5917c7911c12249"
  integrity sha512-aSlh1f7eG1Ugk26V+l6k2ODVBYugUfaABAq0Qjaxhm8CG5rK3f1Bsnst9LQ+dJ0txACfEjnsB3zQWvLWcuDuow==
